
Microsoft Visual Studio Solution File, Format Version 12.00
# Visual Studio Version 16
VisualStudioVersion = 16.0.32510.428
MinimumVisualStudioVersion = 10.0.40219.1
Project("{FAE04EC0-301F-11D3-BF4B-00C04F79EFBC}") = "WebAppMusic", "WebAppMusic\WebAppMusic.csproj", "{2AA8BBB9-D6AB-4265-B832-63B592778C78}"
EndProject
Global
	GlobalSection(SolutionConfigurationPlatforms) = preSolution
		Debug|Any CPU = Debug|Any CPU
		Release|Any CPU = Release|Any CPU
	EndGlobalSection
	GlobalSection(ProjectConfigurationPlatforms) = postSolution
		{2AA8BBB9-D6AB-4265-B832-63B592778C78}.Debug|Any CPU.ActiveCfg = Debug|Any CPU
		{2AA8BBB9-D6AB-4265-B832-63B592778C78}.Debug|Any CPU.Build.0 = Debug|Any CPU
		{2AA8BBB9-D6AB-4265-B832-63B592778C78}.Release|Any CPU.ActiveCfg = Release|Any CPU
		{2AA8BBB9-D6AB-4265-B832-63B592778C78}.Release|Any CPU.Build.0 = Release|Any CPU
	EndGlobalSection
	GlobalSection(SolutionProperties) = preSolution
		HideSolutionNode = FALSE
	EndGlobalSection
	GlobalSection(ExtensibilityGlobals) = postSolution
		SolutionGuid = {B2C3B8E4-088A-4714-A532-1FC10C7CEB4D}
	EndGlobalSection
EndGlobal
